// !$*UTF8*$!
{
	archiveVersion = 1;
	classes = {
	};
	objectVersion = 56;
	objects = {

/* Begin PBXBuildFile section */
		F63820432A30FA68001C0007 /* FTTRBU+OMcluster01Regular in Resources */ = {isa = PBXBuildFile; fileRef = F63820402A30FA68001C0007 /* FTTRBU+OMcluster01Regular */; };
		F63820442A30FA68001C0007 /* FTTRBU+OMinterior00Regular in Resources */ = {isa = PBXBuildFile; fileRef = F63820412A30FA68001C0007 /* FTTRBU+OMinterior00Regular */; };
		F63820452A30FA68001C0007 /* FTTRBU+OMinterior01Regular in Resources */ = {isa = PBXBuildFile; fileRef = F63820422A30FA68001C0007 /* FTTRBU+OMinterior01Regular */; };
		F63820482A31D959001C0007 /* archiveFont in Resources */ = {isa = PBXBuildFile; fileRef = F63820472A31D959001C0007 /* archiveFont */; };
		F638204A2A31E0B9001C0007 /* font35 in Resources */ = {isa = PBXBuildFile; fileRef = F63820492A31E084001C0007 /* font35 */; };
		F64A9C682A25EDA4009D6B36 /* AppDelegate.swift in Sources */ = {isa = PBXBuildFile; fileRef = F64A9C672A25EDA4009D6B36 /* AppDelegate.swift */; };
		F64A9C6A2A25EDA4009D6B36 /* SceneDelegate.swift in Sources */ = {isa = PBXBuildFile; fileRef = F64A9C692A25EDA4009D6B36 /* SceneDelegate.swift */; };
		F64A9C6C2A25EDA4009D6B36 /* ViewController.swift in Sources */ = {isa = PBXBuildFile; fileRef = F64A9C6B2A25EDA4009D6B36 /* ViewController.swift */; };
		F64A9C712A25EDA6009D6B36 /* Assets.xcassets in Resources */ = {isa = PBXBuildFile; fileRef = F64A9C702A25EDA6009D6B36 /* Assets.xcassets */; };
		F64A9C742A25EDA6009D6B36 /* LaunchScreen.storyboard in Resources */ = {isa = PBXBuildFile; fileRef = F64A9C722A25EDA6009D6B36 /* LaunchScreen.storyboard */; };
/* End PBXBuildFile section */

/* Begin PBXFileReference section */
		F63820402A30FA68001C0007 /* FTTRBU+OMcluster01Regular */ = {isa = PBXFileReference; fileEncoding = 4; lastKnownFileType = text; path = "FTTRBU+OMcluster01Regular"; sourceTree = "<group>"; };
		F63820412A30FA68001C0007 /* FTTRBU+OMinterior00Regular */ = {isa = PBXFileReference; fileEncoding = 4; lastKnownFileType = text; path = "FTTRBU+OMinterior00Regular"; sourceTree = "<group>"; };
		F63820422A30FA68001C0007 /* FTTRBU+OMinterior01Regular */ = {isa = PBXFileReference; fileEncoding = 4; lastKnownFileType = text; path = "FTTRBU+OMinterior01Regular"; sourceTree = "<group>"; };
		F63820472A31D959001C0007 /* archiveFont */ = {isa = PBXFileReference; lastKnownFileType = file.bplist; path = archiveFont; sourceTree = "<group>"; };
		F63820492A31E084001C0007 /* font35 */ = {isa = PBXFileReference; lastKnownFileType = file; path = font35; sourceTree = "<group>"; };
		F64A9C642A25EDA4009D6B36 /* TestFontCheckerUIKit.app */ = {isa = PBXFileReference; explicitFileType = wrapper.application; includeInIndex = 0; path = TestFontCheckerUIKit.app; sourceTree = BUILT_PRODUCTS_DIR; };
		F64A9C672A25EDA4009D6B36 /* AppDelegate.swift */ = {isa = PBXFileReference; lastKnownFileType = sourcecode.swift; path = AppDelegate.swift; sourceTree = "<group>"; };
		F64A9C692A25EDA4009D6B36 /* SceneDelegate.swift */ = {isa = PBXFileReference; lastKnownFileType = sourcecode.swift; path = SceneDelegate.swift; sourceTree = "<group>"; };
		F64A9C6B2A25EDA4009D6B36 /* ViewController.swift */ = {isa = PBXFileReference; lastKnownFileType = sourcecode.swift; path = ViewController.swift; sourceTree = "<group>"; };
		F64A9C702A25EDA6009D6B36 /* Assets.xcassets */ = {isa = PBXFileReference; lastKnownFileType = folder.assetcatalog; path = Assets.xcassets; sourceTree = "<group>"; };
		F64A9C732A25EDA6009D6B36 /* Base */ = {isa = PBXFileReference; lastKnownFileType = file.storyboard; name = Base; path = Base.lproj/LaunchScreen.storyboard; sourceTree = "<group>"; };
		F64A9C752A25EDA6009D6B36 /* Info.plist */ = {isa = PBXFileReference; lastKnownFileType = text.plist.xml; path = Info.plist; sourceTree = "<group>"; };
/* End PBXFileReference section */

/* Begin PBXFrameworksBuildPhase section */
		F64A9C612A25EDA4009D6B36 /* Frameworks */ = {
			isa = PBXFrameworksBuildPhase;
			buildActionMask = 2147483647;
			files = (
			);
			runOnlyForDeploymentPostprocessing = 0;
		};
/* End PBXFrameworksBuildPhase section */

/* Begin PBXGroup section */
		F63820462A30FA70001C0007 /* FontsData */ = {
			isa = PBXGroup;
			children = (
				F63820402A30FA68001C0007 /* FTTRBU+OMcluster01Regular */,
				F63820472A31D959001C0007 /* archiveFont */,
				F63820492A31E084001C0007 /* font35 */,
				F63820412A30FA68001C0007 /* FTTRBU+OMinterior00Regular */,
				F63820422A30FA68001C0007 /* FTTRBU+OMinterior01Regular */,
			);
			path = FontsData;
			sourceTree = "<group>";
		};
		F64A9C5B2A25EDA4009D6B36 = {
			isa = PBXGroup;
			children = (
				F64A9C662A25EDA4009D6B36 /* TestFontCheckerUIKit */,
				F64A9C652A25EDA4009D6B36 /* Products */,
			);
			sourceTree = "<group>";
		};
		F64A9C652A25EDA4009D6B36 /* Products */ = {
			isa = PBXGroup;
			children = (
				F64A9C642A25EDA4009D6B36 /* TestFontCheckerUIKit.app */,
			);
			name = Products;
			sourceTree = "<group>";
		};
		F64A9C662A25EDA4009D6B36 /* TestFontCheckerUIKit */ = {
			isa = PBXGroup;
			children = (
				F64A9C672A25EDA4009D6B36 /* AppDelegate.swift */,
				F64A9C692A25EDA4009D6B36 /* SceneDelegate.swift */,
				F64A9C6B2A25EDA4009D6B36 /* ViewController.swift */,
				F63820462A30FA70001C0007 /* FontsData */,
				F64A9C702A25EDA6009D6B36 /* Assets.xcassets */,
				F64A9C722A25EDA6009D6B36 /* LaunchScreen.storyboard */,
				F64A9C752A25EDA6009D6B36 /* Info.plist */,
			);
			path = TestFontCheckerUIKit;
			sourceTree = "<group>";
		};
/* End PBXGroup section */

/* Begin PBXNativeTarget section */
		F64A9C632A25EDA4009D6B36 /* TestFontCheckerUIKit */ = {
			isa = PBXNativeTarget;
			buildConfigurationList = F64A9C782A25EDA6009D6B36 /* Build configuration list for PBXNativeTarget "TestFontCheckerUIKit" */;
			buildPhases = (
				F64A9C602A25EDA4009D6B36 /* Sources */,
				F64A9C612A25EDA4009D6B36 /* Frameworks */,
				F64A9C622A25EDA4009D6B36 /* Resources */,
			);
			buildRules = (
			);
			dependencies = (
			);
			name = TestFontCheckerUIKit;
			productName = TestFontCheckerUIKit;
			productReference = F64A9C642A25EDA4009D6B36 /* TestFontCheckerUIKit.app */;
			productType = "com.apple.product-type.application";
		};
/* End PBXNativeTarget section */

/* Begin PBXProject section */
		F64A9C5C2A25EDA4009D6B36 /* Project object */ = {
			isa = PBXProject;
			attributes = {
				BuildIndependentTargetsInParallel = 1;
				LastSwiftUpdateCheck = 1430;
				LastUpgradeCheck = 1430;
				TargetAttributes = {
					F64A9C632A25EDA4009D6B36 = {
						CreatedOnToolsVersion = 14.3;
					};
				};
			};
			buildConfigurationList = F64A9C5F2A25EDA4009D6B36 /* Build configuration list for PBXProject "TestFontCheckerUIKit" */;
			compatibilityVersion = "Xcode 14.0";
			developmentRegion = en;
			hasScannedForEncodings = 0;
			knownRegions = (
				en,
				Base,
			);
			mainGroup = F64A9C5B2A25EDA4009D6B36;
			productRefGroup = F64A9C652A25EDA4009D6B36 /* Products */;
			projectDirPath = "";
			projectRoot = "";
			targets = (
				F64A9C632A25EDA4009D6B36 /* TestFontCheckerUIKit */,
			);
		};
/* End PBXProject section */

/* Begin PBXResourcesBuildPhase section */
		F64A9C622A25EDA4009D6B36 /* Resources */ = {
			isa = PBXResourcesBuildPhase;
			buildActionMask = 2147483647;
			files = (
				F64A9C742A25EDA6009D6B36 /* LaunchScreen.storyboard in Resources */,
				F63820432A30FA68001C0007 /* FTTRBU+OMcluster01Regular in Resources */,
				F638204A2A31E0B9001C0007 /* font35 in Resources */,
				F63820482A31D959001C0007 /* archiveFont in Resources */,
				F63820442A30FA68001C0007 /* FTTRBU+OMinterior00Regular in Resources */,
				F64A9C712A25EDA6009D6B36 /* Assets.xcassets in Resources */,
				F63820452A30FA68001C0007 /* FTTRBU+OMinterior01Regular in Resources */,
			);
			runOnlyForDeploymentPostprocessing = 0;
		};
/* End PBXResourcesBuildPhase section */

/* Begin PBXSourcesBuildPhase section */
		F64A9C602A25EDA4009D6B36 /* Sources */ = {
			isa = PBXSourcesBuildPhase;
			buildActionMask = 2147483647;
			files = (
				F64A9C6C2A25EDA4009D6B36 /* ViewController.swift in Sources */,
				F64A9C682A25EDA4009D6B36 /* AppDelegate.swift in Sources */,
				F64A9C6A2A25EDA4009D6B36 /* SceneDelegate.swift in Sources */,
			);
			runOnlyForDeploymentPostprocessing = 0;
		};
/* End PBXSourcesBuildPhase section */

/* Begin PBXVariantGroup section */
		F64A9C722A25EDA6009D6B36 /* LaunchScreen.storyboard */ = {
			isa = PBXVariantGroup;
			children = (
				F64A9C732A25EDA6009D6B36 /* Base */,
			);
			name = LaunchScreen.storyboard;
			sourceTree = "<group>";
		};
/* End PBXVariantGroup section */

/* Begin XCBuildConfiguration section */
		F64A9C762A25EDA6009D6B36 /* Debug */ = {
			isa = XCBuildConfiguration;
			buildSettings = {
				ALWAYS_SEARCH_USER_PATHS = NO;
				CLANG_ANALYZER_NONNULL = YES;
				CLANG_ANALYZER_NUMBER_OBJECT_CONVERSION = YES_AGGRESSIVE;
				CLANG_CXX_LANGUAGE_STANDARD = "gnu++20";
				CLANG_ENABLE_MODULES = YES;
				CLANG_ENABLE_OBJC_ARC = YES;
				CLANG_ENABLE_OBJC_WEAK = YES;
				CLANG_WARN_BLOCK_CAPTURE_AUTORELEASING = YES;
				CLANG_WARN_BOOL_CONVERSION = YES;
				CLANG_WARN_COMMA = YES;
				CLANG_WARN_CONSTANT_CONVERSION = YES;
				CLANG_WARN_DEPRECATED_OBJC_IMPLEMENTATIONS = YES;
				CLANG_WARN_DIRECT_OBJC_ISA_USAGE = YES_ERROR;
				CLANG_WARN_DOCUMENTATION_COMMENTS = YES;
				CLANG_WARN_EMPTY_BODY = YES;
				CLANG_WARN_ENUM_CONVERSION = YES;
				CLANG_WARN_INFINITE_RECURSION = YES;
				CLANG_WARN_INT_CONVERSION = YES;
				CLANG_WARN_NON_LITERAL_NULL_CONVERSION = YES;
				CLANG_WARN_OBJC_IMPLICIT_RETAIN_SELF = YES;
				CLANG_WARN_OBJC_LITERAL_CONVERSION = YES;
				CLANG_WARN_OBJC_ROOT_CLASS = YES_ERROR;
				CLANG_WARN_QUOTED_INCLUDE_IN_FRAMEWORK_HEADER = YES;
				CLANG_WARN_RANGE_LOOP_ANALYSIS = YES;
				CLANG_WARN_STRICT_PROTOTYPES = YES;
				CLANG_WARN_SUSPICIOUS_MOVE = YES;
				CLANG_WARN_UNGUARDED_AVAILABILITY = YES_AGGRESSIVE;
				CLANG_WARN_UNREACHABLE_CODE = YES;
				CLANG_WARN__DUPLICATE_METHOD_MATCH = YES;
				COPY_PHASE_STRIP = NO;
				DEBUG_INFORMATION_FORMAT = dwarf;
				ENABLE_STRICT_OBJC_MSGSEND = YES;
				ENABLE_TESTABILITY = YES;
				GCC_C_LANGUAGE_STANDARD = gnu11;
				GCC_DYNAMIC_NO_PIC = NO;
				GCC_NO_COMMON_BLOCKS = YES;
				GCC_OPTIMIZATION_LEVEL = 0;
				GCC_PREPROCESSOR_DEFINITIONS = (
					"DEBUG=1",
					"$(inherited)",
				);
				GCC_WARN_64_TO_32_BIT_CONVERSION = YES;
				GCC_WARN_ABOUT_RETURN_TYPE = YES_ERROR;
				GCC_WARN_UNDECLARED_SELECTOR = YES;
				GCC_WARN_UNINITIALIZED_AUTOS = YES_AGGRESSIVE;
				GCC_WARN_UNUSED_FUNCTION = YES;
				GCC_WARN_UNUSED_VARIABLE = YES;
				IPHONEOS_DEPLOYMENT_TARGET = 16.4;
				MTL_ENABLE_DEBUG_INFO = INCLUDE_SOURCE;
				MTL_FAST_MATH = YES;
				ONLY_ACTIVE_ARCH = YES;
				SDKROOT = iphoneos;
				SWIFT_ACTIVE_COMPILATION_CONDITIONS = DEBUG;
				SWIFT_OPTIMIZATION_LEVEL = "-Onone";
			};
			name = Debug;
		};
		F64A9C772A25EDA6009D6B36 /* Release */ = {
			isa = XCBuildConfiguration;
			buildSettings = {
				ALWAYS_SEARCH_USER_PATHS = NO;
				CLANG_ANALYZER_NONNULL = YES;
				CLANG_ANALYZER_NUMBER_OBJECT_CONVERSION = YES_AGGRESSIVE;
				CLANG_CXX_LANGUAGE_STANDARD = "gnu++20";
				CLANG_ENABLE_MODULES = YES;
				CLANG_ENABLE_OBJC_ARC = YES;
				CLANG_ENABLE_OBJC_WEAK = YES;
				CLANG_WARN_BLOCK_CAPTURE_AUTORELEASING = YES;
				CLANG_WARN_BOOL_CONVERSION = YES;
				CLANG_WARN_COMMA = YES;
				CLANG_WARN_CONSTANT_CONVERSION = YES;
				CLANG_WARN_DEPRECATED_OBJC_IMPLEMENTATIONS = YES;
				CLANG_WARN_DIRECT_OBJC_ISA_USAGE = YES_ERROR;
				CLANG_WARN_DOCUMENTATION_COMMENTS = YES;
				CLANG_WARN_EMPTY_BODY = YES;
				CLANG_WARN_ENUM_CONVERSION = YES;
				CLANG_WARN_INFINITE_RECURSION = YES;
				CLANG_WARN_INT_CONVERSION = YES;
				CLANG_WARN_NON_LITERAL_NULL_CONVERSION = YES;
				CLANG_WARN_OBJC_IMPLICIT_RETAIN_SELF = YES;
				CLANG_WARN_OBJC_LITERAL_CONVERSION = YES;
				CLANG_WARN_OBJC_ROOT_CLASS = YES_ERROR;
				CLANG_WARN_QUOTED_INCLUDE_IN_FRAMEWORK_HEADER = YES;
				CLANG_WARN_RANGE_LOOP_ANALYSIS = YES;
				CLANG_WARN_STRICT_PROTOTYPES = YES;
				CLANG_WARN_SUSPICIOUS_MOVE = YES;
				CLANG_WARN_UNGUARDED_AVAILABILITY = YES_AGGRESSIVE;
				CLANG_WARN_UNREACHABLE_CODE = YES;
				CLANG_WARN__DUPLICATE_METHOD_MATCH = YES;
				COPY_PHASE_STRIP = NO;
				DEBUG_INFORMATION_FORMAT = "dwarf-with-dsym";
				ENABLE_NS_ASSERTIONS = NO;
				ENABLE_STRICT_OBJC_MSGSEND = YES;
				GCC_C_LANGUAGE_STANDARD = gnu11;
				GCC_NO_COMMON_BLOCKS = YES;
				GCC_WARN_64_TO_32_BIT_CONVERSION = YES;
				GCC_WARN_ABOUT_RETURN_TYPE = YES_ERROR;
				GCC_WARN_UNDECLARED_SELECTOR = YES;
				GCC_WARN_UNINITIALIZED_AUTOS = YES_AGGRESSIVE;
				GCC_WARN_UNUSED_FUNCTION = YES;
				GCC_WARN_UNUSED_VARIABLE = YES;
				IPHONEOS_DEPLOYMENT_TARGET = 16.4;
				MTL_ENABLE_DEBUG_INFO = NO;
				MTL_FAST_MATH = YES;
				SDKROOT = iphoneos;
				SWIFT_COMPILATION_MODE = wholemodule;
				SWIFT_OPTIMIZATION_LEVEL = "-O";
				VALIDATE_PRODUCT = YES;
			};
			name = Release;
		};
		F64A9C792A25EDA6009D6B36 /* Debug */ = {
			isa = XCBuildConfiguration;
			buildSettings = {
				ASSETCATALOG_COMPILER_APPICON_NAME = AppIcon;
				ASSETCATALOG_COMPILER_GLOBAL_ACCENT_COLOR_NAME = AccentColor;
				CODE_SIGN_STYLE = Automatic;
				CURRENT_PROJECT_VERSION = 1;
				DEVELOPMENT_TEAM = FS9VYQY53G;
				GENERATE_INFOPLIST_FILE = YES;
				INFOPLIST_FILE = TestFontCheckerUIKit/Info.plist;
				INFOPLIST_KEY_UIApplicationSupportsIndirectInputEvents = YES;
				INFOPLIST_KEY_UILaunchStoryboardName = LaunchScreen;
				INFOPLIST_KEY_UISupportedInterfaceOrientations_iPad = "UIInterfaceOrientationPortrait UIInterfaceOrientationPortraitUpsideDown UIInterfaceOrientationLandscapeLeft UIInterfaceOrientationLandscapeRight";
				INFOPLIST_KEY_UISupportedInterfaceOrientations_iPhone = "UIInterfaceOrientationPortrait UIInterfaceOrientationLandscapeLeft UIInterfaceOrientationLandscapeRight";
				LD_RUNPATH_SEARCH_PATHS = (
					"$(inherited)",
					"@executable_path/Frameworks",
				);
				MARKETING_VERSION = 1.0;
				PRODUCT_BUNDLE_IDENTIFIER = com.readdle.TestFontCheckerUIKit;
				PRODUCT_NAME = "$(TARGET_NAME)";
				SWIFT_EMIT_LOC_STRINGS = YES;
				SWIFT_VERSION = 5.0;
				TARGETED_DEVICE_FAMILY = "1,2";
			};
			name = Debug;
		};
		F64A9C7A2A25EDA6009D6B36 /* Release */ = {
			isa = XCBuildConfiguration;
			buildSettings = {
				ASSETCATALOG_COMPILER_APPICON_NAME = AppIcon;
				ASSETCATALOG_COMPILER_GLOBAL_ACCENT_COLOR_NAME = AccentColor;
				CODE_SIGN_STYLE = Automatic;
				CURRENT_PROJECT_VERSION = 1;
				DEVELOPMENT_TEAM = FS9VYQY53G;
				GENERATE_INFOPLIST_FILE = YES;
				INFOPLIST_FILE = TestFontCheckerUIKit/Info.plist;
				INFOPLIST_KEY_UIApplicationSupportsIndirectInputEvents = YES;
				INFOPLIST_KEY_UILaunchStoryboardName = LaunchScreen;
				INFOPLIST_KEY_UISupportedInterfaceOrientations_iPad = "UIInterfaceOrientationPortrait UIInterfaceOrientationPortraitUpsideDown UIInterfaceOrientationLandscapeLeft UIInterfaceOrientationLandscapeRight";
				INFOPLIST_KEY_UISupportedInterfaceOrientations_iPhone = "UIInterfaceOrientationPortrait UIInterfaceOrientationLandscapeLeft UIInterfaceOrientationLandscapeRight";
				LD_RUNPATH_SEARCH_PATHS = (
					"$(inherited)",
					"@executable_path/Frameworks",
				);
				MARKETING_VERSION = 1.0;
				PRODUCT_BUNDLE_IDENTIFIER = com.readdle.TestFontCheckerUIKit;
				PRODUCT_NAME = "$(TARGET_NAME)";
				SWIFT_EMIT_LOC_STRINGS = YES;
				SWIFT_VERSION = 5.0;
				TARGETED_DEVICE_FAMILY = "1,2";
			};
			name = Release;
		};
/* End XCBuildConfiguration section */

/* Begin XCConfigurationList section */
		F64A9C5F2A25EDA4009D6B36 /* Build configuration list for PBXProject "TestFontCheckerUIKit" */ = {
			isa = XCConfigurationList;
			buildConfigurations = (
				F64A9C762A25EDA6009D6B36 /* Debug */,
				F64A9C772A25EDA6009D6B36 /* Release */,
			);
			defaultConfigurationIsVisible = 0;
			defaultConfigurationName = Release;
		};
		F64A9C782A25EDA6009D6B36 /* Build configuration list for PBXNativeTarget "TestFontCheckerUIKit" */ = {
			isa = XCConfigurationList;
			buildConfigurations = (
				F64A9C792A25EDA6009D6B36 /* Debug */,
				F64A9C7A2A25EDA6009D6B36 /* Release */,
			);
			defaultConfigurationIsVisible = 0;
			defaultConfigurationName = Release;
		};
/* End XCConfigurationList section */
	};
	rootObject = F64A9C5C2A25EDA4009D6B36 /* Project object */;
}
